
Microsoft Visual Studio Solution File, Format Version 12.00
# Visual Studio Version 16
VisualStudioVersion = 16.0.29806.167
MinimumVisualStudioVersion = 10.0.40219.1
Project("{FAE04EC0-301F-11D3-BF4B-00C04F79EFBC}") = "ConsoleApp11", "ConsoleApp11\ConsoleApp11.csproj", "{A08435CE-9E8F-44C7-9040-0473F2B7E335}"
EndProject
Global
	GlobalSection(SolutionConfigurationPlatforms) = preSolution
		Debug|Any CPU = Debug|Any CPU
		Release|Any CPU = Release|Any CPU
	EndGlobalSection
	GlobalSection(ProjectConfigurationPlatforms) = postSolution
		{A08435CE-9E8F-44C7-9040-0473F2B7E335}.Debug|Any CPU.ActiveCfg = Debug|Any CPU
		{A08435CE-9E8F-44C7-9040-0473F2B7E335}.Debug|Any CPU.Build.0 = Debug|Any CPU
		{A08435CE-9E8F-44C7-9040-0473F2B7E335}.Release|Any CPU.ActiveCfg = Release|Any CPU
		{A08435CE-9E8F-44C7-9040-0473F2B7E335}.Release|Any CPU.Build.0 = Release|Any CPU
	EndGlobalSection
	GlobalSection(SolutionProperties) = preSolution
		HideSolutionNode = FALSE
	EndGlobalSection
	GlobalSection(ExtensibilityGlobals) = postSolution
		SolutionGuid = {56556BD8-216D-4396-8200-1D757F8CD713}
	EndGlobalSection
EndGlobal
